
Microsoft Visual Studio Solution File, Format Version 12.00
# Visual Studio Version 16
VisualStudioVersion = 16.0.30225.117
MinimumVisualStudioVersion = 10.0.40219.1
Project("{FAE04EC0-301F-11D3-BF4B-00C04F79EFBC}") = "FicSauve2A", "FicSauve2A\FicSauve2A.csproj", "{3D163A92-B1F1-48FD-BA2C-D1D790274ABD}"
EndProject
Project("{2150E333-8FDC-42A3-9474-1A3956D46DE8}") = "Solution Items", "Solution Items", "{2D47912D-DB25-4F9E-8BFF-2763AC68401F}"
	ProjectSection(SolutionItems) = preProject
		.editorconfig = .editorconfig
	EndProjectSection
EndProject
Global
	GlobalSection(SolutionConfigurationPlatforms) = preSolution
		Debug|Any CPU = Debug|Any CPU
		Release|Any CPU = Release|Any CPU
		Sauvegarde|Any CPU = Sauvegarde|Any CPU
		Test|Any CPU = Test|Any CPU
		Update|Any CPU = Update|Any CPU
	EndGlobalSection
	GlobalSection(ProjectConfigurationPlatforms) = postSolution
		{3D163A92-B1F1-48FD-BA2C-D1D790274ABD}.Debug|Any CPU.ActiveCfg = Debug|Any CPU
		{3D163A92-B1F1-48FD-BA2C-D1D790274ABD}.Release|Any CPU.ActiveCfg = Release|Any CPU
		{3D163A92-B1F1-48FD-BA2C-D1D790274ABD}.Release|Any CPU.Build.0 = Release|Any CPU
		{3D163A92-B1F1-48FD-BA2C-D1D790274ABD}.Sauvegarde|Any CPU.ActiveCfg = Sauvegarde|Any CPU
		{3D163A92-B1F1-48FD-BA2C-D1D790274ABD}.Sauvegarde|Any CPU.Build.0 = Sauvegarde|Any CPU
		{3D163A92-B1F1-48FD-BA2C-D1D790274ABD}.Test|Any CPU.ActiveCfg = Test|Any CPU
		{3D163A92-B1F1-48FD-BA2C-D1D790274ABD}.Test|Any CPU.Build.0 = Test|Any CPU
		{3D163A92-B1F1-48FD-BA2C-D1D790274ABD}.Update|Any CPU.ActiveCfg = Update|Any CPU
		{3D163A92-B1F1-48FD-BA2C-D1D790274ABD}.Update|Any CPU.Build.0 = Update|Any CPU
	EndGlobalSection
	GlobalSection(SolutionProperties) = preSolution
		HideSolutionNode = FALSE
	EndGlobalSection
	GlobalSection(ExtensibilityGlobals) = postSolution
		SolutionGuid = {874E9403-D111-43CA-B66D-3B3B6B2E8B8C}
	EndGlobalSection
EndGlobal
